
Microsoft Visual Studio Solution File, Format Version 12.00
# Visual Studio Version 16
VisualStudioVersion = 16.0.32802.440
MinimumVisualStudioVersion = 10.0.40219.1
Project("{FAE04EC0-301F-11D3-BF4B-00C04F79EFBC}") = "WebApplication1", "WebApplication1\WebApplication1.csproj", "{BE5A6865-0F44-44C2-B992-D9A58BFCCE56}"
EndProject
Global
	GlobalSection(SolutionConfigurationPlatforms) = preSolution
		Debug|Any CPU = Debug|Any CPU
		Release|Any CPU = Release|Any CPU
	EndGlobalSection
	GlobalSection(ProjectConfigurationPlatforms) = postSolution
		{BE5A6865-0F44-44C2-B992-D9A58BFCCE56}.Debug|Any CPU.ActiveCfg = Debug|Any CPU
		{BE5A6865-0F44-44C2-B992-D9A58BFCCE56}.Debug|Any CPU.Build.0 = Debug|Any CPU
		{BE5A6865-0F44-44C2-B992-D9A58BFCCE56}.Release|Any CPU.ActiveCfg = Release|Any CPU
		{BE5A6865-0F44-44C2-B992-D9A58BFCCE56}.Release|Any CPU.Build.0 = Release|Any CPU
	EndGlobalSection
	GlobalSection(SolutionProperties) = preSolution
		HideSolutionNode = FALSE
	EndGlobalSection
	GlobalSection(ExtensibilityGlobals) = postSolution
		SolutionGuid = {735C1A47-292B-4830-8E9A-F0649B496E74}
	EndGlobalSection
EndGlobal
